
Microsoft Visual Studio Solution File, Format Version 12.00
# Visual Studio Version 17
VisualStudioVersion = 17.3.32929.385
MinimumVisualStudioVersion = 10.0.40219.1
Project("{FAE04EC0-301F-11D3-BF4B-00C04F79EFBC}") = "EmpleyeMengment", "EmpleyeMengment\EmpleyeMengment.csproj", "{5A696785-10B7-40D9-A58C-1FBCA2398097}"
EndProject
Global
	GlobalSection(SolutionConfigurationPlatforms) = preSolution
		Debug|Any CPU = Debug|Any CPU
		Release|Any CPU = Release|Any CPU
	EndGlobalSection
	GlobalSection(ProjectConfigurationPlatforms) = postSolution
		{5A696785-10B7-40D9-A58C-1FBCA2398097}.Debug|Any CPU.ActiveCfg = Debug|Any CPU
		{5A696785-10B7-40D9-A58C-1FBCA2398097}.Debug|Any CPU.Build.0 = Debug|Any CPU
		{5A696785-10B7-40D9-A58C-1FBCA2398097}.Release|Any CPU.ActiveCfg = Release|Any CPU
		{5A696785-10B7-40D9-A58C-1FBCA2398097}.Release|Any CPU.Build.0 = Release|Any CPU
	EndGlobalSection
	GlobalSection(SolutionProperties) = preSolution
		HideSolutionNode = FALSE
	EndGlobalSection
	GlobalSection(ExtensibilityGlobals) = postSolution
		SolutionGuid = {F2F057C9-E98D-4D5E-BB4F-129908DF5CE1}
	EndGlobalSection
EndGlobal
